
Microsoft Visual Studio Solution File, Format Version 12.00
# Visual Studio Version 16
VisualStudioVersion = 16.0.28803.352
MinimumVisualStudioVersion = 15.0.26124.0
Project("{2150E333-8FDC-42A3-9474-1A3956D46DE8}") = "Build", "Build", "{7C8A6856-C27A-4E44-899E-FE2DDB39C7E1}"
EndProject
Project("{2150E333-8FDC-42A3-9474-1A3956D46DE8}") = "Source", "Source", "{8E493ABC-C967-4C5B-8F4C-DA43A7F1122E}"
EndProject
Project("{2150E333-8FDC-42A3-9474-1A3956D46DE8}") = "Tests", "Tests", "{365A63EA-DCE2-4DD1-A57C-8DCAD62E3463}"
EndProject
Project("{2150E333-8FDC-42A3-9474-1A3956D46DE8}") = "_", "_", "{9AD4D530-D8C4-433F-B44D-350BF7616AA4}"
	ProjectSection(SolutionItems) = preProject
		.gitignore = .gitignore
		LICENSE = LICENSE
		README.md = README.md
	EndProjectSection
EndProject
Project("{FAE04EC0-301F-11D3-BF4B-00C04F79EFBC}") = "StockManager.Core", "source\StockManager.Core\StockManager.Core.csproj", "{C297D506-9E10-4656-8B05-C2777EAFAF54}"
EndProject
Project("{FAE04EC0-301F-11D3-BF4B-00C04F79EFBC}") = "StockManager.Domain", "source\StockManager.Domain\StockManager.Domain.csproj", "{6A486FE5-6C4B-46B2-AADE-392548353B76}"
EndProject
Project("{FAE04EC0-301F-11D3-BF4B-00C04F79EFBC}") = "StockManager.Infrastructure", "source\StockManager.Infrastructure\StockManager.Infrastructure.csproj", "{5F906F75-438B-4740-AF41-841AAFBA1B1D}"
EndProject
Project("{FAE04EC0-301F-11D3-BF4B-00C04F79EFBC}") = "StockManager.Queries", "source\StockManager.Queries\StockManager.Queries.csproj", "{B647FA94-8A76-44F0-AA23-44973CFCAED9}"
EndProject
Project("{FAE04EC0-301F-11D3-BF4B-00C04F79EFBC}") = "StockManager.Web", "source\StockManager.Web\StockManager.Web.csproj", "{C5E6B469-9346-4831-9192-C5820A7413D6}"
EndProject
Project("{FAE04EC0-301F-11D3-BF4B-00C04F79EFBC}") = "StockManager.Domain.Tests", "tests\StockManager.Domain.Tests\StockManager.Domain.Tests.csproj", "{CFBD8B97-14E2-4B9E-85C4-51E19F5908D4}"
EndProject
Project("{FAE04EC0-301F-11D3-BF4B-00C04F79EFBC}") = "StockManager.Infrastructure.Tests", "tests\StockManager.Infrastructure.Tests\StockManager.Infrastructure.Tests.csproj", "{72C9DFF4-23A6-4F30-A951-FECEEF507753}"
EndProject
Project("{FAE04EC0-301F-11D3-BF4B-00C04F79EFBC}") = "StockManager.Queries.Tests", "tests\StockManager.Queries.Tests\StockManager.Queries.Tests.csproj", "{876B26DC-05CD-4514-8B7F-C03884C88F73}"
EndProject
Project("{FAE04EC0-301F-11D3-BF4B-00C04F79EFBC}") = "StockManager.Web.Tests", "tests\StockManager.Web.Tests\StockManager.Web.Tests.csproj", "{5A7F1803-8AEB-4C34-8EE9-9D3B961954CA}"
EndProject
Global
	GlobalSection(SolutionConfigurationPlatforms) = preSolution
		Debug|Any CPU = Debug|Any CPU
		Debug|x64 = Debug|x64
		Debug|x86 = Debug|x86
		Release|Any CPU = Release|Any CPU
		Release|x64 = Release|x64
		Release|x86 = Release|x86
	EndGlobalSection
	GlobalSection(ProjectConfigurationPlatforms) = postSolution
		{C297D506-9E10-4656-8B05-C2777EAFAF54}.Debug|Any CPU.ActiveCfg = Debug|Any CPU
		{C297D506-9E10-4656-8B05-C2777EAFAF54}.Debug|Any CPU.Build.0 = Debug|Any CPU
		{C297D506-9E10-4656-8B05-C2777EAFAF54}.Debug|x64.ActiveCfg = Debug|Any CPU
		{C297D506-9E10-4656-8B05-C2777EAFAF54}.Debug|x64.Build.0 = Debug|Any CPU
		{C297D506-9E10-4656-8B05-C2777EAFAF54}.Debug|x86.ActiveCfg = Debug|Any CPU
		{C297D506-9E10-4656-8B05-C2777EAFAF54}.Debug|x86.Build.0 = Debug|Any CPU
		{C297D506-9E10-4656-8B05-C2777EAFAF54}.Release|Any CPU.ActiveCfg = Release|Any CPU
		{C297D506-9E10-4656-8B05-C2777EAFAF54}.Release|Any CPU.Build.0 = Release|Any CPU
		{C297D506-9E10-4656-8B05-C2777EAFAF54}.Release|x64.ActiveCfg = Release|Any CPU
		{C297D506-9E10-4656-8B05-C2777EAFAF54}.Release|x64.Build.0 = Release|Any CPU
		{C297D506-9E10-4656-8B05-C2777EAFAF54}.Release|x86.ActiveCfg = Release|Any CPU
		{C297D506-9E10-4656-8B05-C2777EAFAF54}.Release|x86.Build.0 = Release|Any CPU
		{6A486FE5-6C4B-46B2-AADE-392548353B76}.Debug|Any CPU.ActiveCfg = Debug|Any CPU
		{6A486FE5-6C4B-46B2-AADE-392548353B76}.Debug|Any CPU.Build.0 = Debug|Any CPU
		{6A486FE5-6C4B-46B2-AADE-392548353B76}.Debug|x64.ActiveCfg = Debug|Any CPU
		{6A486FE5-6C4B-46B2-AADE-392548353B76}.Debug|x64.Build.0 = Debug|Any CPU
		{6A486FE5-6C4B-46B2-AADE-392548353B76}.Debug|x86.ActiveCfg = Debug|Any CPU
		{6A486FE5-6C4B-46B2-AADE-392548353B76}.Debug|x86.Build.0 = Debug|Any CPU
		{6A486FE5-6C4B-46B2-AADE-392548353B76}.Release|Any CPU.ActiveCfg = Release|Any CPU
		{6A486FE5-6C4B-46B2-AADE-392548353B76}.Release|Any CPU.Build.0 = Release|Any CPU
		{6A486FE5-6C4B-46B2-AADE-392548353B76}.Release|x64.ActiveCfg = Release|Any CPU
		{6A486FE5-6C4B-46B2-AADE-392548353B76}.Release|x64.Build.0 = Release|Any CPU
		{6A486FE5-6C4B-46B2-AADE-392548353B76}.Release|x86.ActiveCfg = Release|Any CPU
		{6A486FE5-6C4B-46B2-AADE-392548353B76}.Release|x86.Build.0 = Release|Any CPU
		{5F906F75-438B-4740-AF41-841AAFBA1B1D}.Debug|Any CPU.ActiveCfg = Debug|Any CPU
		{5F906F75-438B-4740-AF41-841AAFBA1B1D}.Debug|Any CPU.Build.0 = Debug|Any CPU
		{5F906F75-438B-4740-AF41-841AAFBA1B1D}.Debug|x64.ActiveCfg = Debug|Any CPU
		{5F906F75-438B-4740-AF41-841AAFBA1B1D}.Debug|x64.Build.0 = Debug|Any CPU
		{5F906F75-438B-4740-AF41-841AAFBA1B1D}.Debug|x86.ActiveCfg = Debug|Any CPU
		{5F906F75-438B-4740-AF41-841AAFBA1B1D}.Debug|x86.Build.0 = Debug|Any CPU
		{5F906F75-438B-4740-AF41-841AAFBA1B1D}.Release|Any CPU.ActiveCfg = Release|Any CPU
		{5F906F75-438B-4740-AF41-841AAFBA1B1D}.Release|Any CPU.Build.0 = Release|Any CPU
		{5F906F75-438B-4740-AF41-841AAFBA1B1D}.Release|x64.ActiveCfg = Release|Any CPU
		{5F906F75-438B-4740-AF41-841AAFBA1B1D}.Release|x64.Build.0 = Release|Any CPU
		{5F906F75-438B-4740-AF41-841AAFBA1B1D}.Release|x86.ActiveCfg = Release|Any CPU
		{5F906F75-438B-4740-AF41-841AAFBA1B1D}.Release|x86.Build.0 = Release|Any CPU
		{B647FA94-8A76-44F0-AA23-44973CFCAED9}.Debug|Any CPU.ActiveCfg = Debug|Any CPU
		{B647FA94-8A76-44F0-AA23-44973CFCAED9}.Debug|Any CPU.Build.0 = Debug|Any CPU
		{B647FA94-8A76-44F0-AA23-44973CFCAED9}.Debug|x64.ActiveCfg = Debug|Any CPU
		{B647FA94-8A76-44F0-AA23-44973CFCAED9}.Debug|x64.Build.0 = Debug|Any CPU
		{B647FA94-8A76-44F0-AA23-44973CFCAED9}.Debug|x86.ActiveCfg = Debug|Any CPU
		{B647FA94-8A76-44F0-AA23-44973CFCAED9}.Debug|x86.Build.0 = Debug|Any CPU
		{B647FA94-8A76-44F0-AA23-44973CFCAED9}.Release|Any CPU.ActiveCfg = Release|Any CPU
		{B647FA94-8A76-44F0-AA23-44973CFCAED9}.Release|Any CPU.Build.0 = Release|Any CPU
		{B647FA94-8A76-44F0-AA23-44973CFCAED9}.Release|x64.ActiveCfg = Release|Any CPU
		{B647FA94-8A76-44F0-AA23-44973CFCAED9}.Release|x64.Build.0 = Release|Any CPU
		{B647FA94-8A76-44F0-AA23-44973CFCAED9}.Release|x86.ActiveCfg = Release|Any CPU
		{B647FA94-8A76-44F0-AA23-44973CFCAED9}.Release|x86.Build.0 = Release|Any CPU
		{C5E6B469-9346-4831-9192-C5820A7413D6}.Debug|Any CPU.ActiveCfg = Debug|Any CPU
		{C5E6B469-9346-4831-9192-C5820A7413D6}.Debug|Any CPU.Build.0 = Debug|Any CPU
		{C5E6B469-9346-4831-9192-C5820A7413D6}.Debug|x64.ActiveCfg = Debug|Any CPU
		{C5E6B469-9346-4831-9192-C5820A7413D6}.Debug|x64.Build.0 = Debug|Any CPU
		{C5E6B469-9346-4831-9192-C5820A7413D6}.Debug|x86.ActiveCfg = Debug|Any CPU
		{C5E6B469-9346-4831-9192-C5820A7413D6}.Debug|x86.Build.0 = Debug|Any CPU
		{C5E6B469-9346-4831-9192-C5820A7413D6}.Release|Any CPU.ActiveCfg = Release|Any CPU
		{C5E6B469-9346-4831-9192-C5820A7413D6}.Release|Any CPU.Build.0 = Release|Any CPU
		{C5E6B469-9346-4831-9192-C5820A7413D6}.Release|x64.ActiveCfg = Release|Any CPU
		{C5E6B469-9346-4831-9192-C5820A7413D6}.Release|x64.Build.0 = Release|Any CPU
		{C5E6B469-9346-4831-9192-C5820A7413D6}.Release|x86.ActiveCfg = Release|Any CPU
		{C5E6B469-9346-4831-9192-C5820A7413D6}.Release|x86.Build.0 = Release|Any CPU
		{CFBD8B97-14E2-4B9E-85C4-51E19F5908D4}.Debug|Any CPU.ActiveCfg = Debug|Any CPU
		{CFBD8B97-14E2-4B9E-85C4-51E19F5908D4}.Debug|Any CPU.Build.0 = Debug|Any CPU
		{CFBD8B97-14E2-4B9E-85C4-51E19F5908D4}.Debug|x64.ActiveCfg = Debug|Any CPU
		{CFBD8B97-14E2-4B9E-85C4-51E19F5908D4}.Debug|x64.Build.0 = Debug|Any CPU
		{CFBD8B97-14E2-4B9E-85C4-51E19F5908D4}.Debug|x86.ActiveCfg = Debug|Any CPU
		{CFBD8B97-14E2-4B9E-85C4-51E19F5908D4}.Debug|x86.Build.0 = Debug|Any CPU
		{CFBD8B97-14E2-4B9E-85C4-51E19F5908D4}.Release|Any CPU.ActiveCfg = Release|Any CPU
		{CFBD8B97-14E2-4B9E-85C4-51E19F5908D4}.Release|Any CPU.Build.0 = Release|Any CPU
		{CFBD8B97-14E2-4B9E-85C4-51E19F5908D4}.Release|x64.ActiveCfg = Release|Any CPU
		{CFBD8B97-14E2-4B9E-85C4-51E19F5908D4}.Release|x64.Build.0 = Release|Any CPU
		{CFBD8B97-14E2-4B9E-85C4-51E19F5908D4}.Release|x86.ActiveCfg = Release|Any CPU
		{CFBD8B97-14E2-4B9E-85C4-51E19F5908D4}.Release|x86.Build.0 = Release|Any CPU
		{72C9DFF4-23A6-4F30-A951-FECEEF507753}.Debug|Any CPU.ActiveCfg = Debug|Any CPU
		{72C9DFF4-23A6-4F30-A951-FECEEF507753}.Debug|Any CPU.Build.0 = Debug|Any CPU
		{72C9DFF4-23A6-4F30-A951-FECEEF507753}.Debug|x64.ActiveCfg = Debug|Any CPU
		{72C9DFF4-23A6-4F30-A951-FECEEF507753}.Debug|x64.Build.0 = Debug|Any CPU
		{72C9DFF4-23A6-4F30-A951-FECEEF507753}.Debug|x86.ActiveCfg = Debug|Any CPU
		{72C9DFF4-23A6-4F30-A951-FECEEF507753}.Debug|x86.Build.0 = Debug|Any CPU
		{72C9DFF4-23A6-4F30-A951-FECEEF507753}.Release|Any CPU.ActiveCfg = Release|Any CPU
		{72C9DFF4-23A6-4F30-A951-FECEEF507753}.Release|Any CPU.Build.0 = Release|Any CPU
		{72C9DFF4-23A6-4F30-A951-FECEEF507753}.Release|x64.ActiveCfg = Release|Any CPU
		{72C9DFF4-23A6-4F30-A951-FECEEF507753}.Release|x64.Build.0 = Release|Any CPU
		{72C9DFF4-23A6-4F30-A951-FECEEF507753}.Release|x86.ActiveCfg = Release|Any CPU
		{72C9DFF4-23A6-4F30-A951-FECEEF507753}.Release|x86.Build.0 = Release|Any CPU
		{876B26DC-05CD-4514-8B7F-C03884C88F73}.Debug|Any CPU.ActiveCfg = Debug|Any CPU
		{876B26DC-05CD-4514-8B7F-C03884C88F73}.Debug|Any CPU.Build.0 = Debug|Any CPU
		{876B26DC-05CD-4514-8B7F-C03884C88F73}.Debug|x64.ActiveCfg = Debug|Any CPU
		{876B26DC-05CD-4514-8B7F-C03884C88F73}.Debug|x64.Build.0 = Debug|Any CPU
		{876B26DC-05CD-4514-8B7F-C03884C88F73}.Debug|x86.ActiveCfg = Debug|Any CPU
		{876B26DC-05CD-4514-8B7F-C03884C88F73}.Debug|x86.Build.0 = Debug|Any CPU
		{876B26DC-05CD-4514-8B7F-C03884C88F73}.Release|Any CPU.ActiveCfg = Release|Any CPU
		{876B26DC-05CD-4514-8B7F-C03884C88F73}.Release|Any CPU.Build.0 = Release|Any CPU
		{876B26DC-05CD-4514-8B7F-C03884C88F73}.Release|x64.ActiveCfg = Release|Any CPU
		{876B26DC-05CD-4514-8B7F-C03884C88F73}.Release|x64.Build.0 = Release|Any CPU
		{876B26DC-05CD-4514-8B7F-C03884C88F73}.Release|x86.ActiveCfg = Release|Any CPU
		{876B26DC-05CD-4514-8B7F-C03884C88F73}.Release|x86.Build.0 = Release|Any CPU
		{5A7F1803-8AEB-4C34-8EE9-9D3B961954CA}.Debug|Any CPU.ActiveCfg = Debug|Any CPU
		{5A7F1803-8AEB-4C34-8EE9-9D3B961954CA}.Debug|Any CPU.Build.0 = Debug|Any CPU
		{5A7F1803-8AEB-4C34-8EE9-9D3B961954CA}.Debug|x64.ActiveCfg = Debug|Any CPU
		{5A7F1803-8AEB-4C34-8EE9-9D3B961954CA}.Debug|x64.Build.0 = Debug|Any CPU
		{5A7F1803-8AEB-4C34-8EE9-9D3B961954CA}.Debug|x86.ActiveCfg = Debug|Any CPU
		{5A7F1803-8AEB-4C34-8EE9-9D3B961954CA}.Debug|x86.Build.0 = Debug|Any CPU
		{5A7F1803-8AEB-4C34-8EE9-9D3B961954CA}.Release|Any CPU.ActiveCfg = Release|Any CPU
		{5A7F1803-8AEB-4C34-8EE9-9D3B961954CA}.Release|Any CPU.Build.0 = Release|Any CPU
		{5A7F1803-8AEB-4C34-8EE9-9D3B961954CA}.Release|x64.ActiveCfg = Release|Any CPU
		{5A7F1803-8AEB-4C34-8EE9-9D3B961954CA}.Release|x64.Build.0 = Release|Any CPU
		{5A7F1803-8AEB-4C34-8EE9-9D3B961954CA}.Release|x86.ActiveCfg = Release|Any CPU
		{5A7F1803-8AEB-4C34-8EE9-9D3B961954CA}.Release|x86.Build.0 = Release|Any CPU
	EndGlobalSection
	GlobalSection(SolutionProperties) = preSolution
		HideSolutionNode = FALSE
	EndGlobalSection
	GlobalSection(NestedProjects) = preSolution
		{C297D506-9E10-4656-8B05-C2777EAFAF54} = {8E493ABC-C967-4C5B-8F4C-DA43A7F1122E}
		{6A486FE5-6C4B-46B2-AADE-392548353B76} = {8E493ABC-C967-4C5B-8F4C-DA43A7F1122E}
		{5F906F75-438B-4740-AF41-841AAFBA1B1D} = {8E493ABC-C967-4C5B-8F4C-DA43A7F1122E}
		{B647FA94-8A76-44F0-AA23-44973CFCAED9} = {8E493ABC-C967-4C5B-8F4C-DA43A7F1122E}
		{C5E6B469-9346-4831-9192-C5820A7413D6} = {8E493ABC-C967-4C5B-8F4C-DA43A7F1122E}
		{CFBD8B97-14E2-4B9E-85C4-51E19F5908D4} = {365A63EA-DCE2-4DD1-A57C-8DCAD62E3463}
		{72C9DFF4-23A6-4F30-A951-FECEEF507753} = {365A63EA-DCE2-4DD1-A57C-8DCAD62E3463}
		{876B26DC-05CD-4514-8B7F-C03884C88F73} = {365A63EA-DCE2-4DD1-A57C-8DCAD62E3463}
		{5A7F1803-8AEB-4C34-8EE9-9D3B961954CA} = {365A63EA-DCE2-4DD1-A57C-8DCAD62E3463}
	EndGlobalSection
	GlobalSection(ExtensibilityGlobals) = postSolution
		SolutionGuid = {97A1D7E2-3707-4E86-89AC-CC638EE54237}
	EndGlobalSection
EndGlobal
